
Microsoft Visual Studio Solution File, Format Version 12.00
# Visual Studio Version 17
VisualStudioVersion = 17.0.31903.59
MinimumVisualStudioVersion = 10.0.40219.1
Project("{2150E333-8FDC-42A3-9474-1A3956D46DE8}") = "Common", "Common", "{9A67A441-F62A-4C9F-9B93-2EF49A9C05E0}"
EndProject
Project("{2150E333-8FDC-42A3-9474-1A3956D46DE8}") = "Contracts", "Contracts", "{A0FE3704-0B04-485D-8846-B78F41FF6AAD}"
EndProject
Project("{2150E333-8FDC-42A3-9474-1A3956D46DE8}") = "Offers", "Offers", "{EA911E39-12FF-443F-B98A-5F48AE009432}"
EndProject
Project("{2150E333-8FDC-42A3-9474-1A3956D46DE8}") = "Passes", "Passes", "{01A09894-D9D2-4114-B465-88616A52BB34}"
EndProject
Project("{2150E333-8FDC-42A3-9474-1A3956D46DE8}") = "Reports", "Reports", "{BE1EAA40-FE98-46FE-B627-EA77C364E053}"
EndProject
Project("{FAE04EC0-301F-11D3-BF4B-00C04F79EFBC}") = "Fitnet", "2-modules-separation\src\Fitnet\Fitnet.csproj", "{E06537E8-BBB5-4EA3-8B2C-B001A02BFBA7}"
EndProject
Global
	GlobalSection(SolutionConfigurationPlatforms) = preSolution
		Debug|Any CPU = Debug|Any CPU
		Release|Any CPU = Release|Any CPU
	EndGlobalSection
	GlobalSection(ProjectConfigurationPlatforms) = postSolution
		{E06537E8-BBB5-4EA3-8B2C-B001A02BFBA7}.Debug|Any CPU.ActiveCfg = Debug|Any CPU
		{E06537E8-BBB5-4EA3-8B2C-B001A02BFBA7}.Debug|Any CPU.Build.0 = Debug|Any CPU
		{E06537E8-BBB5-4EA3-8B2C-B001A02BFBA7}.Release|Any CPU.ActiveCfg = Release|Any CPU
		{E06537E8-BBB5-4EA3-8B2C-B001A02BFBA7}.Release|Any CPU.Build.0 = Release|Any CPU
	EndGlobalSection
	GlobalSection(SolutionProperties) = preSolution
		HideSolutionNode = FALSE
	EndGlobalSection
	GlobalSection(ExtensibilityGlobals) = postSolution
		SolutionGuid = {DB0C30A6-976C-48DD-AA4A-7387A842D34C}
	EndGlobalSection
EndGlobal
